version = 1
revision = 3
requires-python = "==3.7.*"

[[package]]
name = "alembic"
version = "1.12.1"
source = { registry = "https://pypi.org/simple" }
dependencies = [
    { name = "importlib-metadata" },
    { name = "importlib-resources" },
    { name = "mako" },
    { name = "sqlalchemy" },
    { name = "typing-extensions" },
]
sdist = { url = "https://files.pythonhosted.org/packages/44/b4/253fe31261d9f5d603d89bd9e6fba1625494a6d761d319902dfe4db59016/alembic-1.12.1.tar.gz", hash = "sha256:bca5877e9678b454706347bc10b97cb7d67f300320fa5c3a94423e8266e2823f", size = 1200204, upload-time = "2023-10-26T15:10:37.692Z" }
wheels = [
    { url = "https://files.pythonhosted.org/packages/34/47/95d8f99c9f4a57079dfbcff5e023c5d81bde092d1c2354156340a56b3a1a/alembic-1.12.1-py3-none-any.whl", hash = "sha256:47d52e3dfb03666ed945becb723d6482e52190917fdb47071440cfdba05d92cb", size = 226846, upload-time = "2023-10-26T15:10:40.009Z" },
]

[[package]]
name = "attrs"
version = "24.2.0"
source = { registry = "https://pypi.org/simple" }
dependencies = [
    { name = "importlib-metadata" },
]
sdist = { url = "https://files.pythonhosted.org/packages/fc/0f/aafca9af9315aee06a89ffde799a10a582fe8de76c563ee80bbcdc08b3fb/attrs-24.2.0.tar.gz", hash = "sha256:5cfb1b9148b5b086569baec03f20d7b6bf3bcacc9a42bebf87ffaaca362f6346", size = 792678, upload-time = "2024-08-06T14:37:38.364Z" }
wheels = [
    { url = "https://files.pythonhosted.org/packages/6a/21/5b6702a7f963e95456c0de2d495f67bf5fd62840ac655dc451586d23d39a/attrs-24.2.0-py3-none-any.whl", hash = "sha256:81921eb96de3191c8258c199618104dd27ac608d9366f5e35d011eae1867ede2", size = 63001, upload-time = "2024-08-06T14:37:36.958Z" },
]

[[package]]
name = "autopage"
version = "0.5.2"
source = { registry = "https://pypi.org/simple" }
sdist = { url = "https://files.pythonhosted.org/packages/9f/9e/559b0cfdba9f3ed6744d8cbcdbda58880d3695c43c053a31773cefcedde3/autopage-0.5.2.tar.gz", hash = "sha256:826996d74c5aa9f4b6916195547312ac6384bac3810b8517063f293248257b72", size = 33031, upload-time = "2023-10-16T09:22:19.54Z" }
wheels = [
    { url = "https://files.pythonhosted.org/packages/9b/63/f1c3fa431e91a52bad5e3602e9d5df6c94d8d095ac485424efa4eeddb4d2/autopage-0.5.2-py3-none-any.whl", hash = "sha256:f5eae54dd20ccc8b1ff611263fc87bc46608a9cde749bbcfc93339713a429c55", size = 30231, upload-time = "2023-10-16T09:22:17.316Z" },
]

[[package]]
name = "cliff"
version = "3.10.1"
source = { registry = "https://pypi.org/simple" }
dependencies = [
    { name = "autopage" },
    { name = "cmd2" },
    { name = "pbr" },
    { name = "prettytable" },
    { name = "pyparsing" },
    { name = "pyyaml" },
    { name = "stevedore" },
]
sdist = { url = "https://files.pythonhosted.org/packages/71/33/0115d1f56dce6bc9f4f4b394347c52a7182109026d2c25d8837047e3edee/cliff-3.10.1.tar.gz", hash = "sha256:045aee3f3c64471965d7ad507ce8474a4e2f20815fbb5405a770f8596a2a00a0", size = 82764, upload-time = "2022-02-18T15:46:27.515Z" }
wheels = [
    { url = "https://files.pythonhosted.org/packages/a3/9d/3678f7a6278d9d8908df1de6c110fd1bd0e5cadcb63b82c1c7c0a90d227c/cliff-3.10.1-py3-none-any.whl", hash = "sha256:a21da482714b9f0b0e9bafaaf2f6a8b3b14161bb47f62e10e28d2fe4ff4b1626", size = 81046, upload-time = "2022-02-18T15:46:25.607Z" },
]

[[package]]
name = "cmaes"
version = "0.11.1"
source = { registry = "https://pypi.org/simple" }
dependencies = [
    { name = "numpy" },
]
sdist = { url = "https://files.pythonhosted.org/packages/8f/29/86dc7d673dee33bb67b6d40d9809a6804658a2764ecd30bba201782c59d6/cmaes-0.11.1.tar.gz", hash = "sha256:cf71fa3679814723be771f2c9edd85f465b1bc1e409e1ad6d8a9e481efcd5160", size = 31439, upload-time = "2024-08-13T06:46:34.728Z" }
wheels = [
    { url = "https://files.pythonhosted.org/packages/06/c9/124823c5391ad69cf336fe482cd920fe485d96841ca43089c7316682fffc/cmaes-0.11.1-py3-none-any.whl", hash = "sha256:1de77d2175045389680619c1e9b6d59d90e7888524d9e440e1704ba001de9fcc", size = 35549, upload-time = "2024-08-13T06:46:33.169Z" },
]

[[package]]
name = "cmd2"
version = "2.4.3"
source = { registry = "https://pypi.org/simple" }
dependencies = [
    { name = "attrs" },
    { name = "importlib-metadata" },
    { name = "pyperclip" },
    { name = "pyreadline3", marker = "sys_platform == 'win32'" },
    { name = "typing-extensions" },
    { name = "wcwidth" },
]
sdist = { url = "https://files.pythonhosted.org/packages/13/04/b85213575a7bf31cbf1d699cc7d5500d8ca8e52cbd1f3569a753a5376d5c/cmd2-2.4.3.tar.gz", hash = "sha256:71873c11f72bd19e2b1db578214716f0d4f7c8fa250093c601265a9a717dee52", size = 678661, upload-time = "2023-01-28T00:50:17.164Z" }
wheels = [
    { url = "https://files.pythonhosted.org/packages/f3/9a/495a0577cbae4a11dc0b2a2174688f0bab83d1b81245a105f1613a365828/cmd2-2.4.3-py3-none-any.whl", hash = "sha256:f1988ff2fff0ed812a2d25218a081b0fa0108d45b48ba2a9272bb98091b654e6", size = 147227, upload-time = "2023-01-28T00:50:14.575Z" },
]

[[package]]
name = "colorama"
version = "0.4.6"
source = { registry = "https://pypi.org/simple" }
sdist = { url = "https://files.pythonhosted.org/packages/d8/53/6f443c9a4a8358a93a6792e2acffb9d9d5cb0a5cfd8802644b7b1c9a02e4/colorama-0.4.6.tar.gz", hash = "sha256:08695f5cb7ed6e0531a20572697297273c47b8cae5a63ffc6d6ed5c201be6e44", size = 27697, upload-time = "2022-10-25T02:36:22.414Z" }
wheels = [
    { url = "https://files.pythonhosted.org/packages/d1/d6/3965ed04c63042e047cb6a3e6ed1a63a35087b6a609aa3a15ed8ac56c221/colorama-0.4.6-py2.py3-none-any.whl", hash = "sha256:4f1d9991f5acc0ca119f9d443620b77f9d6b33703e51011c16baf57afb285fc6", size = 25335, upload-time = "2022-10-25T02:36:20.889Z" },
]

[[package]]
name = "colorlog"
version = "6.10.1"
source = { registry = "https://pypi.org/simple" }
dependencies = [
    { name = "colorama", marker = "sys_platform == 'win32'" },
]
sdist = { url = "https://files.pythonhosted.org/packages/a2/61/f083b5ac52e505dfc1c624eafbf8c7589a0d7f32daa398d2e7590efa5fda/colorlog-6.10.1.tar.gz", hash = "sha256:eb4ae5cb65fe7fec7773c2306061a8e63e02efc2c72eba9d27b0fa23c94f1321", size = 17162, upload-time = "2025-10-16T16:14:11.978Z" }
wheels = [
    { url = "https://files.pythonhosted.org/packages/6d/c1/e419ef3723a074172b68aaa89c9f3de486ed4c2399e2dbd8113a4fdcaf9e/colorlog-6.10.1-py3-none-any.whl", hash = "sha256:2d7e8348291948af66122cff006c9f8da6255d224e7cf8e37d8de2df3bad8c9c", size = 11743, upload-time = "2025-10-16T16:14:10.512Z" },
]

[[package]]
name = "greenlet"
version = "3.1.1"
source = { registry = "https://pypi.org/simple" }
sdist = { url = "https://files.pythonhosted.org/packages/2f/ff/df5fede753cc10f6a5be0931204ea30c35fa2f2ea7a35b25bdaf4fe40e46/greenlet-3.1.1.tar.gz", hash = "sha256:4ce3ac6cdb6adf7946475d7ef31777c26d94bccc377e070a7986bd2d5c515467", size = 186022, upload-time = "2024-09-20T18:21:04.506Z" }
wheels = [
    { url = "https://files.pythonhosted.org/packages/67/d3/d0459a881617397092293bfcc331b2dcd5c71a58b611f28141c0785e714b/greenlet-3.1.1-cp37-cp37m-manylinux_2_17_aarch64.manylinux2014_aarch64.whl", hash = "sha256:47da355d8687fd65240c364c90a31569a133b7b60de111c255ef5b606f2ae291", size = 594391, upload-time = "2024-09-20T17:36:51.813Z" },
    { url = "https://files.pythonhosted.org/packages/0c/94/d65a1c2e986d5fed342d11dea0f823861b0a26c48d05f4d401fab0ef7bc3/greenlet-3.1.1-cp37-cp37m-manylinux_2_17_ppc64le.manylinux2014_ppc64le.whl", hash = "sha256:98884ecf2ffb7d7fe6bd517e8eb99d31ff7855a840fa6d0d63cd07c037f6a981", size = 610675, upload-time = "2024-09-20T17:39:26.754Z" },
    { url = "https://files.pythonhosted.org/packages/e8/0d/d019707d00ee7b124561173e91b22ce7c763df257a144d27aeff60ff7616/greenlet-3.1.1-cp37-cp37m-manylinux_2_17_x86_64.manylinux2014_x86_64.whl", hash = "sha256:db32b5348615a04b82240cc67983cb315309e88d444a288934ee6ceaebcad6cc", size = 602659, upload-time = "2024-09-20T17:08:49.42Z" },
    { url = "https://files.pythonhosted.org/packages/fd/ac/a67e69bb4e3a9ae73ea88fa996f8cf1fc5609e0ca864e0c6f82ba42be70e/greenlet-3.1.1-cp37-cp37m-manylinux_2_24_x86_64.manylinux_2_28_x86_64.whl", hash = "sha256:dcc62f31eae24de7f8dce72134c8651c58000d3b1868e01392baea7c32c247de", size = 562975, upload-time = "2024-09-20T17:08:41.151Z" },
    { url = "https://files.pythonhosted.org/packages/9d/e1/077c449c6245bebd04a0f66f0fe8db84caa6f53212a97eb285e4c81b93b9/greenlet-3.1.1-cp37-cp37m-musllinux_1_1_aarch64.whl", hash = "sha256:1d3755bcb2e02de341c55b4fca7a745a24a9e7212ac953f6b3a48d117d7257aa", size = 1084265, upload-time = "2024-09-20T17:44:22.767Z" },
    { url = "https://files.pythonhosted.org/packages/a4/5d/facb82a7d2d2df2c256ce6e3296fe273aa59d7489ed8d62b946cde0957bb/greenlet-3.1.1-cp37-cp37m-musllinux_1_1_x86_64.whl", hash = "sha256:b8da394b34370874b4572676f36acabac172602abf054cbc4ac910219f3340af", size = 1108705, upload-time = "2024-09-20T17:09:30.663Z" },
    { url = "https://files.pythonhosted.org/packages/2c/a9/8901be253a11ae8347646e2dd22dc6f28a8a67789aaedf80e7d9c3d93204/greenlet-3.1.1-cp37-cp37m-win32.whl", hash = "sha256:a0dfc6c143b519113354e780a50381508139b07d2177cb6ad6a08278ec655798", size = 281622, upload-time = "2024-09-20T17:51:26.718Z" },
    { url = "https://files.pythonhosted.org/packages/2e/22/fba64d3c78afc59d6b61c45ddc9ef852be44bf62ee7abfc60dc7a559fa54/greenlet-3.1.1-cp37-cp37m-win_amd64.whl", hash = "sha256:54558ea205654b50c438029505def3834e80f0869a70fb15b871c29b4575ddef", size = 298866, upload-time = "2024-09-20T17:40:53.174Z" },
]

[[package]]
name = "importlib-metadata"
version = "6.7.0"
source = { registry = "https://pypi.org/simple" }
dependencies = [
    { name = "typing-extensions" },
    { name = "zipp" },
]
sdist = { url = "https://files.pythonhosted.org/packages/a3/82/f6e29c8d5c098b6be61460371c2c5591f4a335923639edec43b3830650a4/importlib_metadata-6.7.0.tar.gz", hash = "sha256:1aaf550d4f73e5d6783e7acb77aec43d49da8017410afae93822cc9cca98c4d4", size = 53569, upload-time = "2023-06-18T21:44:35.024Z" }
wheels = [
    { url = "https://files.pythonhosted.org/packages/ff/94/64287b38c7de4c90683630338cf28f129decbba0a44f0c6db35a873c73c4/importlib_metadata-6.7.0-py3-none-any.whl", hash = "sha256:cb52082e659e97afc5dac71e79de97d8681de3aa07ff18578330904a9d18e5b5", size = 22934, upload-time = "2023-06-18T21:44:33.441Z" },
]

[[package]]
name = "importlib-resources"
version = "5.12.0"
source = { registry = "https://pypi.org/simple" }
dependencies = [
    { name = "zipp" },
]
sdist = { url = "https://files.pythonhosted.org/packages/4e/a2/3cab1de83f95dd15297c15bdc04d50902391d707247cada1f021bbfe2149/importlib_resources-5.12.0.tar.gz", hash = "sha256:4be82589bf5c1d7999aedf2a45159d10cb3ca4f19b2271f8792bc8e6da7b22f6", size = 39894, upload-time = "2023-02-17T22:32:21.013Z" }
wheels = [
    { url = "https://files.pythonhosted.org/packages/38/71/c13ea695a4393639830bf96baea956538ba7a9d06fcce7cef10bfff20f72/importlib_resources-5.12.0-py3-none-any.whl", hash = "sha256:7b1deeebbf351c7578e09bf2f63fa2ce8b5ffec296e0d349139d43cca061a81a", size = 36211, upload-time = "2023-02-17T22:32:19.266Z" },
]

[[package]]
name = "mako"
version = "1.2.4"
source = { registry = "https://pypi.org/simple" }
dependencies = [
    { name = "importlib-metadata" },
    { name = "markupsafe" },
]
sdist = { url = "https://files.pythonhosted.org/packages/05/5f/2ba6e026d33a0e6ddc1dddf9958677f76f5f80c236bd65309d280b166d3e/Mako-1.2.4.tar.gz", hash = "sha256:d60a3903dc3bb01a18ad6a89cdbe2e4eadc69c0bc8ef1e3773ba53d44c3f7a34", size = 497021, upload-time = "2022-11-15T14:37:51.327Z" }
wheels = [
    { url = "https://files.pythonhosted.org/packages/03/3b/68690a035ba7347860f1b8c0cde853230ba69ff41df5884ea7d89fe68cd3/Mako-1.2.4-py3-none-any.whl", hash = "sha256:c97c79c018b9165ac9922ae4f32da095ffd3c4e6872b45eded42926deea46818", size = 78672, upload-time = "2022-11-15T14:37:53.675Z" },
]

[[package]]
name = "markupsafe"
version = "2.1.5"
source = { registry = "https://pypi.org/simple" }
sdist = { url = "https://files.pythonhosted.org/packages/87/5b/aae44c6655f3801e81aa3eef09dbbf012431987ba564d7231722f68df02d/MarkupSafe-2.1.5.tar.gz", hash = "sha256:d283d37a890ba4c1ae73ffadf8046435c76e7bc2247bbb63c00bd1a709c6544b", size = 19384, upload-time = "2024-02-02T16:31:22.863Z" }
wheels = [
    { url = "https://files.pythonhosted.org/packages/a7/88/a940e11827ea1c136a34eca862486178294ae841164475b9ab216b80eb8e/MarkupSafe-2.1.5-cp37-cp37m-macosx_10_9_x86_64.whl", hash = "sha256:c8b29db45f8fe46ad280a7294f5c3ec36dbac9491f2d1c17345be8e69cc5928f", size = 13982, upload-time = "2024-02-02T16:30:46.06Z" },
    { url = "https://files.pythonhosted.org/packages/cb/06/0d28bd178db529c5ac762a625c335a9168a7a23f280b4db9c95e97046145/MarkupSafe-2.1.5-cp37-cp37m-manylinux_2_17_aarch64.manylinux2014_aarch64.whl", hash = "sha256:ec6a563cff360b50eed26f13adc43e61bc0c04d94b8be985e6fb24b81f6dcfdf", size = 26335, upload-time = "2024-02-02T16:30:47.676Z" },
    { url = "https://files.pythonhosted.org/packages/4a/1d/c4f5016f87ced614eacc7d5fb85b25bcc0ff53e8f058d069fc8cbfdc3c7a/MarkupSafe-2.1.5-cp37-cp37m-manylinux_2_17_x86_64.manylinux2014_x86_64.whl", hash = "sha256:a549b9c31bec33820e885335b451286e2969a2d9e24879f83fe904a5ce59d70a", size = 25557, upload-time = "2024-02-02T16:30:48.936Z" },
    { url = "https://files.pythonhosted.org/packages/b3/fb/c18b8c9fbe69e347fdbf782c6478f1bc77f19a830588daa224236678339b/MarkupSafe-2.1.5-cp37-cp37m-manylinux_2_5_i686.manylinux1_i686.manylinux_2_17_i686.manylinux2014_i686.whl", hash = "sha256:4f11aa001c540f62c6166c7726f71f7573b52c68c31f014c25cc7901deea0b52", size = 25245, upload-time = "2024-02-02T16:30:50.711Z" },
    { url = "https://files.pythonhosted.org/packages/2f/69/30d29adcf9d1d931c75001dd85001adad7374381c9c2086154d9f6445be6/MarkupSafe-2.1.5-cp37-cp37m-musllinux_1_1_aarch64.whl", hash = "sha256:7b2e5a267c855eea6b4283940daa6e88a285f5f2a67f2220203786dfa59b37e9", size = 31013, upload-time = "2024-02-02T16:30:51.795Z" },
    { url = "https://files.pythonhosted.org/packages/3a/03/63498d05bd54278b6ca340099e5b52ffb9cdf2ee4f2d9b98246337e21689/MarkupSafe-2.1.5-cp37-cp37m-musllinux_1_1_i686.whl", hash = "sha256:2d2d793e36e230fd32babe143b04cec8a8b3eb8a3122d2aceb4a371e6b09b8df", size = 30178, upload-time = "2024-02-02T16:30:52.866Z" },
    { url = "https://files.pythonhosted.org/packages/68/79/11b4fe15124692f8673b603433e47abca199a08ecd2a4851bfbdc97dc62d/MarkupSafe-2.1.5-cp37-cp37m-musllinux_1_1_x86_64.whl", hash = "sha256:ce409136744f6521e39fd8e2a24c53fa18ad67aa5bc7c2cf83645cce5b5c4e50", size = 30429, upload-time = "2024-02-02T16:30:53.983Z" },
    { url = "https://files.pythonhosted.org/packages/ed/88/408bdbf292eb86f03201c17489acafae8358ba4e120d92358308c15cea7c/MarkupSafe-2.1.5-cp37-cp37m-win32.whl", hash = "sha256:4096e9de5c6fdf43fb4f04c26fb114f61ef0bf2e5604b6ee3019d51b69e8c371", size = 16633, upload-time = "2024-02-02T16:30:55.317Z" },
    { url = "https://files.pythonhosted.org/packages/6c/4c/3577a52eea1880538c435176bc85e5b3379b7ab442327ccd82118550758f/MarkupSafe-2.1.5-cp37-cp37m-win_amd64.whl", hash = "sha256:4275d846e41ecefa46e2015117a9f491e57a71ddd59bbead77e904dc02b1bed2", size = 17215, upload-time = "2024-02-02T16:30:56.6Z" },
]

[[package]]
name = "neuropoker"
version = "0.0.1"
source = { virtual = "." }
dependencies = [
    { name = "numpy" },
    { name = "optuna" },
    { name = "pkrbot" },
]

[package.metadata]
requires-dist = [
    { name = "numpy", specifier = "<1.22" },
    { name = "optuna", specifier = "<3.0" },
    { name = "pkrbot", specifier = ">=1.0.4" },
]

[[package]]
name = "numpy"
version = "1.21.6"
source = { registry = "https://pypi.org/simple" }
sdist = { url = "https://files.pythonhosted.org/packages/45/b7/de7b8e67f2232c26af57c205aaad29fe17754f793404f59c8a730c7a191a/numpy-1.21.6.zip", hash = "sha256:ecb55251139706669fdec2ff073c98ef8e9a84473e51e716211b41aa0f18e656", size = 10274544, upload-time = "2022-04-12T15:23:55.653Z" }
wheels = [
    { url = "https://files.pythonhosted.org/packages/32/dd/43d8b2b2ebf424f6555271a4c9f5b50dc3cc0aafa66c72b4d36863f71358/numpy-1.21.6-cp37-cp37m-macosx_10_9_x86_64.whl", hash = "sha256:6aaf96c7f8cebc220cdfc03f1d5a31952f027dda050e5a703a0d1c396075e3e7", size = 16894122, upload-time = "2022-04-12T14:50:50.66Z" },
    { url = "https://files.pythonhosted.org/packages/06/78/b184f13f5461812a17a90b380d70a93fa3532460f0af9d72b0d93d8bc4ff/numpy-1.21.6-cp37-cp37m-manylinux_2_12_i686.manylinux2010_i686.whl", hash = "sha256:67c261d6c0a9981820c3a149d255a76918278a6b03b6a036800359aba1256d46", size = 13670697, upload-time = "2022-04-12T14:51:11.878Z" },
    { url = "https://files.pythonhosted.org/packages/6d/ad/ff3b21ebfe79a4d25b4a4f8e5cf9fd44a204adb6b33c09010f566f51027a/numpy-1.21.6-cp37-cp37m-manylinux_2_12_x86_64.manylinux2010_x86_64.whl", hash = "sha256:a6be4cb0ef3b8c9250c19cc122267263093eee7edd4e3fa75395dfda8c17a8e2", size = 15702369, upload-time = "2022-04-12T14:51:35.292Z" },
    { url = "https://files.pythonhosted.org/packages/b7/0d/86662f93102e42545cdf031da4fddf0ace9030ec67478932a628afc5973b/numpy-1.21.6-cp37-cp37m-manylinux_2_17_aarch64.manylinux2014_aarch64.whl", hash = "sha256:7c4068a8c44014b2d55f3c3f574c376b2494ca9cc73d2f1bd692382b6dffe3db", size = 12974170, upload-time = "2022-04-12T14:51:55.493Z" },
    { url = "https://files.pythonhosted.org/packages/cd/eb/f6f3258e7b0e0cc5c327778312bf4ee4978c8514aa28e97119ee206f6e60/numpy-1.21.6-cp37-cp37m-win32.whl", hash = "sha256:7c7e5fa88d9ff656e067876e4736379cc962d185d5cd808014a8a928d529ef4e", size = 11680505, upload-time = "2022-04-12T14:52:14.056Z" },
    { url = "https://files.pythonhosted.org/packages/97/9f/da37cc4a188a1d5d203d65ab28d6504e17594b5342e0c1dc5610ee6f4535/numpy-1.21.6-cp37-cp37m-win_amd64.whl", hash = "sha256:bcb238c9c96c00d3085b264e5c1a1207672577b93fa666c3b14a45240b14123a", size = 13969236, upload-time = "2022-04-12T14:52:35.45Z" },
    { url = "https://files.pythonhosted.org/packages/2e/5a/6f3e280a10de48395053a559bfcb3b2221b74b57d062c1d6307fc965f549/numpy-1.21.6-pp37-pypy37_pp73-manylinux_2_12_x86_64.manylinux2010_x86_64.whl", hash = "sha256:dd1c8f6bd65d07d3810b90d02eba7997e32abbdf1277a481d698969e921a3be0", size = 15159527, upload-time = "2022-04-12T14:59:16.193Z" },
]

[[package]]
name = "optuna"
version = "2.10.1"
source = { registry = "https://pypi.org/simple" }
dependencies = [
    { name = "alembic" },
    { name = "cliff" },
    { name = "cmaes" },
    { name = "colorlog" },
    { name = "numpy" },
    { name = "packaging" },
    { name = "pyyaml" },
    { name = "scipy" },
    { name = "sqlalchemy" },
    { name = "tqdm" },
]
sdist = { url = "https://files.pythonhosted.org/packages/c6/6a/5204699dd9c2b4b3062e3c77469058d7d96e59946e67353a80f0103ff353/optuna-2.10.1.tar.gz", hash = "sha256:8a12009b57757c1070b3bff2261c24824d6430c22926dd1e2ace33b3deff555f", size = 224093, upload-time = "2022-06-13T05:39:22.48Z" }
wheels = [
    { url = "https://files.pythonhosted.org/packages/9f/6c/c6fab7d673d9d12144b8fe7155e15aeb06798b029ecfece4b193ffc859e6/optuna-2.10.1-py3-none-any.whl", hash = "sha256:d57dc1fd911d20697098bdef83836f8078387a3be2a5400ab26db15f8341e1f4", size = 308237, upload-time = "2022-06-13T05:39:20.176Z" },
]

[[package]]
name = "packaging"
version = "24.0"
source = { registry = "https://pypi.org/simple" }
sdist = { url = "https://files.pythonhosted.org/packages/ee/b5/b43a27ac7472e1818c4bafd44430e69605baefe1f34440593e0332ec8b4d/packaging-24.0.tar.gz", hash = "sha256:eb82c5e3e56209074766e6885bb04b8c38a0c015d0a30036ebe7ece34c9989e9", size = 147882, upload-time = "2024-03-10T09:39:28.33Z" }
wheels = [
    { url = "https://files.pythonhosted.org/packages/49/df/1fceb2f8900f8639e278b056416d49134fb8d84c5942ffaa01ad34782422/packaging-24.0-py3-none-any.whl", hash = "sha256:2ddfb553fdf02fb784c234c7ba6ccc288296ceabec964ad2eae3777778130bc5", size = 53488, upload-time = "2024-03-10T09:39:25.947Z" },
]

[[package]]
name = "pbr"
version = "7.0.3"
source = { registry = "https://pypi.org/simple" }
dependencies = [
    { name = "setuptools" },
]
sdist = { url = "https://files.pythonhosted.org/packages/5e/ab/1de9a4f730edde1bdbbc2b8d19f8fa326f036b4f18b2f72cfbea7dc53c26/pbr-7.0.3.tar.gz", hash = "sha256:b46004ec30a5324672683ec848aed9e8fc500b0d261d40a3229c2d2bbfcedc29", size = 135625, upload-time = "2025-11-03T17:04:56.274Z" }
wheels = [
    { url = "https://files.pythonhosted.org/packages/c0/db/61efa0d08a99f897ef98256b03e563092d36cc38dc4ebe4a85020fe40b31/pbr-7.0.3-py2.py3-none-any.whl", hash = "sha256:ff223894eb1cd271a98076b13d3badff3bb36c424074d26334cd25aebeecea6b", size = 131898, upload-time = "2025-11-03T17:04:54.875Z" },
]

[[package]]
name = "pkrbot"
version = "1.0.4"
source = { registry = "https://pypi.org/simple" }
sdist = { url = "https://files.pythonhosted.org/packages/10/85/2cff06e8d39e41eb468dfdc1b4d6a599990c2ee5b5982e3955daf23309a3/pkrbot-1.0.4.tar.gz", hash = "sha256:dfcddcd4c769f60f5a773abfe360b10879bac8610563822a0525a5147461e167", size = 181408, upload-time = "2025-12-28T22:24:56.194Z" }

[[package]]
name = "prettytable"
version = "3.7.0"
source = { registry = "https://pypi.org/simple" }
dependencies = [
    { name = "importlib-metadata" },
    { name = "wcwidth" },
]
sdist = { url = "https://files.pythonhosted.org/packages/95/8d/f6b4448e386eb1382a99cbceabe3899f3aa431992582cc90496843548303/prettytable-3.7.0.tar.gz", hash = "sha256:ef8334ee40b7ec721651fc4d37ecc7bb2ef55fde5098d994438f0dfdaa385c0c", size = 47169, upload-time = "2023-04-11T03:32:11.695Z" }
wheels = [
    { url = "https://files.pythonhosted.org/packages/7a/cd/bec5850e23eb005c6fe30fe4c26bafd9a07b3d2524771f22a0fa01270078/prettytable-3.7.0-py3-none-any.whl", hash = "sha256:f4aaf2ed6e6062a82fd2e6e5289bbbe705ec2788fe401a3a1f62a1cea55526d2", size = 27508, upload-time = "2023-04-10T09:05:16.908Z" },
]

[[package]]
name = "pyparsing"
version = "3.1.4"
source = { registry = "https://pypi.org/simple" }
sdist = { url = "https://files.pythonhosted.org/packages/83/08/13f3bce01b2061f2bbd582c9df82723de943784cf719a35ac886c652043a/pyparsing-3.1.4.tar.gz", hash = "sha256:f86ec8d1a83f11977c9a6ea7598e8c27fc5cddfa5b07ea2241edbbde1d7bc032", size = 900231, upload-time = "2024-08-25T15:00:47.416Z" }
wheels = [
    { url = "https://files.pythonhosted.org/packages/e5/0c/0e3c05b1c87bb6a1c76d281b0f35e78d2d80ac91b5f8f524cebf77f51049/pyparsing-3.1.4-py3-none-any.whl", hash = "sha256:a6a7ee4235a3f944aa1fa2249307708f893fe5717dc603503c6c7969c070fb7c", size = 104100, upload-time = "2024-08-25T15:00:45.361Z" },
]

[[package]]
name = "pyperclip"
version = "1.11.0"
source = { registry = "https://pypi.org/simple" }
sdist = { url = "https://files.pythonhosted.org/packages/e8/52/d87eba7cb129b81563019d1679026e7a112ef76855d6159d24754dbd2a51/pyperclip-1.11.0.tar.gz", hash = "sha256:244035963e4428530d9e3a6101a1ef97209c6825edab1567beac148ccc1db1b6", size = 12185, upload-time = "2025-09-26T14:40:37.245Z" }
wheels = [
    { url = "https://files.pythonhosted.org/packages/df/80/fc9d01d5ed37ba4c42ca2b55b4339ae6e200b456be3a1aaddf4a9fa99b8c/pyperclip-1.11.0-py3-none-any.whl", hash = "sha256:299403e9ff44581cb9ba2ffeed69c7aa96a008622ad0c46cb575ca75b5b84273", size = 11063, upload-time = "2025-09-26T14:40:36.069Z" },
]

[[package]]
name = "pyreadline3"
version = "3.5.0"
source = { registry = "https://pypi.org/simple" }
sdist = { url = "https://files.pythonhosted.org/packages/1e/8e/a8c726e6287ef6253f1c8de63613ab9460c6c245625490731a176c4f3ebf/pyreadline3-3.5.0.tar.gz", hash = "sha256:06041dd3b0cc7b672a48dcab378d0d28e480d1f76b793ee74cb94d3cabc32335", size = 86608, upload-time = "2024-09-14T07:39:11.272Z" }
wheels = [
    { url = "https://files.pythonhosted.org/packages/8e/66/8b55347ef7e750636012e5dad40b34c5a24b8905eb34e7f004cc6d2ae4e0/pyreadline3-3.5.0-py3-none-any.whl", hash = "sha256:eb20e357f4dbcda489bdb723ed0f2b42db7032d87101fbead63420e663149ceb", size = 95684, upload-time = "2024-09-14T07:39:10.207Z" },
]

[[package]]
name = "pyyaml"
version = "6.0.1"
source = { registry = "https://pypi.org/simple" }
sdist = { url = "https://files.pythonhosted.org/packages/cd/e5/af35f7ea75cf72f2cd079c95ee16797de7cd71f29ea7c68ae5ce7be1eda0/PyYAML-6.0.1.tar.gz", hash = "sha256:bfdf460b1736c775f2ba9f6a92bca30bc2095067b8a9d77876d1fad6cc3b4a43", size = 125201, upload-time = "2023-07-18T00:00:23.308Z" }
wheels = [
    { url = "https://files.pythonhosted.org/packages/c7/d1/02baa09d39b1bb1ebaf0d850d106d1bdcb47c91958557f471153c49dc03b/PyYAML-6.0.1-cp37-cp37m-macosx_10_9_x86_64.whl", hash = "sha256:b1275ad35a5d18c62a7220633c913e1b42d44b46ee12554e5fd39c70a243d6a3", size = 189627, upload-time = "2023-07-17T23:58:40.188Z" },
    { url = "https://files.pythonhosted.org/packages/e5/31/ba812efa640a264dbefd258986a5e4e786230cb1ee4a9f54eb28ca01e14a/PyYAML-6.0.1-cp37-cp37m-manylinux_2_17_aarch64.manylinux2014_aarch64.whl", hash = "sha256:18aeb1bf9a78867dc38b259769503436b7c72f7a1f1f4c93ff9a17de54319b27", size = 658438, upload-time = "2023-07-17T23:58:48.34Z" },
    { url = "https://files.pythonhosted.org/packages/4d/f1/08f06159739254c8947899c9fc901241614195db15ba8802ff142237664c/PyYAML-6.0.1-cp37-cp37m-manylinux_2_17_s390x.manylinux2014_s390x.whl", hash = "sha256:596106435fa6ad000c2991a98fa58eeb8656ef2325d7e158344fb33864ed87e3", size = 680304, upload-time = "2023-07-17T23:58:57.396Z" },
    { url = "https://files.pythonhosted.org/packages/d7/8f/db62b0df635b9008fe90aa68424e99cee05e68b398740c8a666a98455589/PyYAML-6.0.1-cp37-cp37m-manylinux_2_17_x86_64.manylinux2014_x86_64.whl", hash = "sha256:baa90d3f661d43131ca170712d903e6295d1f7a0f595074f151c0aed377c9b9c", size = 670140, upload-time = "2023-07-17T23:59:04.291Z" },
    { url = "https://files.pythonhosted.org/packages/cc/5c/fcabd17918348c7db2eeeb0575705aaf3f7ab1657f6ce29b2e31737dd5d1/PyYAML-6.0.1-cp37-cp37m-win32.whl", hash = "sha256:9046c58c4395dff28dd494285c82ba00b546adfc7ef001486fbf0324bc174fba", size = 137577, upload-time = "2023-07-17T23:59:07.267Z" },
    { url = "https://files.pythonhosted.org/packages/1e/ae/964ccb88a938f20ece5754878f182cfbd846924930d02d29d06af8d4c69e/PyYAML-6.0.1-cp37-cp37m-win_amd64.whl", hash = "sha256:4fb147e7a67ef577a588a0e2c17b6db51dda102c71de36f8549b6816a96e1867", size = 153248, upload-time = "2023-07-17T23:59:10.608Z" },
]

[[package]]
name = "scipy"
version = "1.7.3"
source = { registry = "https://pypi.org/simple" }
dependencies = [
    { name = "numpy" },
]
sdist = { url = "https://files.pythonhosted.org/packages/61/67/1a654b96309c991762ee9bc39c363fc618076b155fe52d295211cf2536c7/scipy-1.7.3.tar.gz", hash = "sha256:ab5875facfdef77e0a47d5fd39ea178b58e60e454a4c85aa1e52fcb80db7babf", size = 36102562, upload-time = "2021-11-24T16:14:11.065Z" }
wheels = [
    { url = "https://files.pythonhosted.org/packages/85/64/5dbe0daf0beb14c3cd4b9a3493c5dc1fda68d13ad3fe0b173be8032e3172/scipy-1.7.3-cp37-cp37m-macosx_10_9_x86_64.whl", hash = "sha256:033ce76ed4e9f62923e1f8124f7e2b0800db533828c853b402c7eec6e9465d80", size = 32954212, upload-time = "2021-11-24T16:08:03.132Z" },
    { url = "https://files.pythonhosted.org/packages/26/95/9f31b17536576bef58dc45095f9e75a6d737039b6f03a1106cc4923ecd37/scipy-1.7.3-cp37-cp37m-manylinux_2_12_i686.manylinux2010_i686.whl", hash = "sha256:4d242d13206ca4302d83d8a6388c9dfce49fc48fdd3c20efad89ba12f785bf9e", size = 33763763, upload-time = "2021-11-24T16:08:08.03Z" },
    { url = "https://files.pythonhosted.org/packages/58/4f/11f34cfc57ead25752a7992b069c36f5d18421958ebd6466ecd849aeaf86/scipy-1.7.3-cp37-cp37m-manylinux_2_12_x86_64.manylinux2010_x86_64.whl", hash = "sha256:8499d9dd1459dc0d0fe68db0832c3d5fc1361ae8e13d05e6849b358dc3f2c279", size = 38121069, upload-time = "2021-11-24T16:08:12.903Z" },
    { url = "https://files.pythonhosted.org/packages/b3/15/af1dcdd4de821212d5d3c8892d8042181c48efd34dbc5713d84f41d67c8c/scipy-1.7.3-cp37-cp37m-manylinux_2_17_aarch64.manylinux2014_aarch64.whl", hash = "sha256:ca36e7d9430f7481fc7d11e015ae16fbd5575615a8e9060538104778be84addf", size = 36099230, upload-time = "2021-11-24T16:08:18.564Z" },
    { url = "https://files.pythonhosted.org/packages/53/0f/e20b9a9ee2560bb233878dfad66ad7643fcd0484c579da0f82533b811fe7/scipy-1.7.3-cp37-cp37m-win32.whl", hash = "sha256:e2c036492e673aad1b7b0d0ccdc0cb30a968353d2c4bf92ac8e73509e1bf212c", size = 30643774, upload-time = "2021-11-24T16:08:22.811Z" },
    { url = "https://files.pythonhosted.org/packages/40/69/4af412d078cef2298f7d90546fa0e03e65a032558bd85319239c72ae0c3c/scipy-1.7.3-cp37-cp37m-win_amd64.whl", hash = "sha256:866ada14a95b083dd727a845a764cf95dd13ba3dc69a16b99038001b05439709", size = 34101672, upload-time = "2021-11-24T16:08:28.086Z" },
]

[[package]]
name = "setuptools"
version = "68.0.0"
source = { registry = "https://pypi.org/simple" }
sdist = { url = "https://files.pythonhosted.org/packages/dc/98/5f896af066c128669229ff1aa81553ac14cfb3e5e74b6b44594132b8540e/setuptools-68.0.0.tar.gz", hash = "sha256:baf1fdb41c6da4cd2eae722e135500da913332ab3f2f5c7d33af9b492acb5235", size = 2194111, upload-time = "2023-06-19T15:53:05.082Z" }
wheels = [
    { url = "https://files.pythonhosted.org/packages/c7/42/be1c7bbdd83e1bfb160c94b9cafd8e25efc7400346cf7ccdbdb452c467fa/setuptools-68.0.0-py3-none-any.whl", hash = "sha256:11e52c67415a381d10d6b462ced9cfb97066179f0e871399e006c4ab101fc85f", size = 804037, upload-time = "2023-06-19T15:53:03.089Z" },
]

[[package]]
name = "sqlalchemy"
version = "2.0.46"
source = { registry = "https://pypi.org/simple" }
dependencies = [
    { name = "greenlet", marker = "platform_machine == 'AMD64' or platform_machine == 'WIN32' or platform_machine == 'aarch64' or platform_machine == 'amd64' or platform_machine == 'ppc64le' or platform_machine == 'win32' or platform_machine == 'x86_64'" },
    { name = "importlib-metadata" },
    { name = "typing-extensions" },
]
sdist = { url = "https://files.pythonhosted.org/packages/06/aa/9ce0f3e7a9829ead5c8ce549392f33a12c4555a6c0609bb27d882e9c7ddf/sqlalchemy-2.0.46.tar.gz", hash = "sha256:cf36851ee7219c170bb0793dbc3da3e80c582e04a5437bc601bfe8c85c9216d7", size = 9865393, upload-time = "2026-01-21T18:03:45.119Z" }
wheels = [
    { url = "https://files.pythonhosted.org/packages/fc/a1/9c4efa03300926601c19c18582531b45aededfb961ab3c3585f1e24f120b/sqlalchemy-2.0.46-py3-none-any.whl", hash = "sha256:f9c11766e7e7c0a2767dda5acb006a118640c9fc0a4104214b96269bfb78399e", size = 1937882, upload-time = "2026-01-21T18:22:10.456Z" },
]

[[package]]
name = "stevedore"
version = "3.5.2"
source = { registry = "https://pypi.org/simple" }
dependencies = [
    { name = "importlib-metadata" },
    { name = "pbr" },
]
sdist = { url = "https://files.pythonhosted.org/packages/80/a3/7db17f998684ee1c225cfae74ccca4b369118419c07be48991f30e942c31/stevedore-3.5.2.tar.gz", hash = "sha256:cf99f41fc0d5a4f185ca4d3d42b03be9011b0a1ec1a4ea1a282be1b4b306dcc2", size = 514071, upload-time = "2022-10-20T10:46:07.553Z" }
wheels = [
    { url = "https://files.pythonhosted.org/packages/6d/8d/8dbd1e502e06e58550ed16c879303f83609d52ac31de0cd6a2403186148a/stevedore-3.5.2-py3-none-any.whl", hash = "sha256:fa2630e3d0ad3e22d4914aff2501445815b9a4467a6edc49387c667a38faf5bf", size = 50198, upload-time = "2022-10-20T10:46:06.081Z" },
]

[[package]]
name = "tqdm"
version = "4.67.1"
source = { registry = "https://pypi.org/simple" }
dependencies = [
    { name = "colorama", marker = "sys_platform == 'win32'" },
]
sdist = { url = "https://files.pythonhosted.org/packages/a8/4b/29b4ef32e036bb34e4ab51796dd745cdba7ed47ad142a9f4a1eb8e0c744d/tqdm-4.67.1.tar.gz", hash = "sha256:f8aef9c52c08c13a65f30ea34f4e5aac3fd1a34959879d7e59e63027286627f2", size = 169737, upload-time = "2024-11-24T20:12:22.481Z" }
wheels = [
    { url = "https://files.pythonhosted.org/packages/d0/30/dc54f88dd4a2b5dc8a0279bdd7270e735851848b762aeb1c1184ed1f6b14/tqdm-4.67.1-py3-none-any.whl", hash = "sha256:26445eca388f82e72884e0d580d5464cd801a3ea01e63e5601bdff9ba6a48de2", size = 78540, upload-time = "2024-11-24T20:12:19.698Z" },
]

[[package]]
name = "typing-extensions"
version = "4.7.1"
source = { registry = "https://pypi.org/simple" }
sdist = { url = "https://files.pythonhosted.org/packages/3c/8b/0111dd7d6c1478bf83baa1cab85c686426c7a6274119aceb2bd9d35395ad/typing_extensions-4.7.1.tar.gz", hash = "sha256:b75ddc264f0ba5615db7ba217daeb99701ad295353c45f9e95963337ceeeffb2", size = 72876, upload-time = "2023-07-02T14:20:55.045Z" }
wheels = [
    { url = "https://files.pythonhosted.org/packages/ec/6b/63cc3df74987c36fe26157ee12e09e8f9db4de771e0f3404263117e75b95/typing_extensions-4.7.1-py3-none-any.whl", hash = "sha256:440d5dd3af93b060174bf433bccd69b0babc3b15b1a8dca43789fd7f61514b36", size = 33232, upload-time = "2023-07-02T14:20:53.275Z" },
]

[[package]]
name = "wcwidth"
version = "0.2.14"
source = { registry = "https://pypi.org/simple" }
sdist = { url = "https://files.pythonhosted.org/packages/24/30/6b0809f4510673dc723187aeaf24c7f5459922d01e2f794277a3dfb90345/wcwidth-0.2.14.tar.gz", hash = "sha256:4d478375d31bc5395a3c55c40ccdf3354688364cd61c4f6adacaa9215d0b3605", size = 102293, upload-time = "2025-09-22T16:29:53.023Z" }
wheels = [
    { url = "https://files.pythonhosted.org/packages/af/b5/123f13c975e9f27ab9c0770f514345bd406d0e8d3b7a0723af9d43f710af/wcwidth-0.2.14-py2.py3-none-any.whl", hash = "sha256:a7bb560c8aee30f9957e5f9895805edd20602f2d7f720186dfd906e82b4982e1", size = 37286, upload-time = "2025-09-22T16:29:51.641Z" },
]

[[package]]
name = "zipp"
version = "3.15.0"
source = { registry = "https://pypi.org/simple" }
sdist = { url = "https://files.pythonhosted.org/packages/00/27/f0ac6b846684cecce1ee93d32450c45ab607f65c2e0255f0092032d91f07/zipp-3.15.0.tar.gz", hash = "sha256:112929ad649da941c23de50f356a2b5570c954b65150642bccdd66bf194d224b", size = 18454, upload-time = "2023-02-25T02:17:22.503Z" }
wheels = [
    { url = "https://files.pythonhosted.org/packages/5b/fa/c9e82bbe1af6266adf08afb563905eb87cab83fde00a0a08963510621047/zipp-3.15.0-py3-none-any.whl", hash = "sha256:48904fc76a60e542af151aded95726c1a5c34ed43ab4134b597665c86d7ad556", size = 6758, upload-time = "2023-02-25T02:17:20.807Z" },
]
